// !$*UTF8*$!
{
	archiveVersion = 1;
	classes = {
	};
	objectVersion = 56;
	objects = {

/* Begin PBXBuildFile section */
		8C42FEE72B146DF9001D1ABC /* SongTextViewController.swift in Sources */ = {isa = PBXBuildFile; fileRef = 8C42FEE62B146DF9001D1ABC /* SongTextViewController.swift */; };
		8C4C2F412B0B38DE00389B70 /* AppDelegate.swift in Sources */ = {isa = PBXBuildFile; fileRef = 8C4C2F402B0B38DE00389B70 /* AppDelegate.swift */; };
		8C4C2F432B0B38DE00389B70 /* SceneDelegate.swift in Sources */ = {isa = PBXBuildFile; fileRef = 8C4C2F422B0B38DE00389B70 /* SceneDelegate.swift */; };
		8C4C2F452B0B38DE00389B70 /* PlayViewController.swift in Sources */ = {isa = PBXBuildFile; fileRef = 8C4C2F442B0B38DE00389B70 /* PlayViewController.swift */; };
		8C4C2F482B0B38DE00389B70 /* Main.storyboard in Resources */ = {isa = PBXBuildFile; fileRef = 8C4C2F462B0B38DE00389B70 /* Main.storyboard */; };
		8C4C2F4B2B0B38DE00389B70 /* FLOTEST.xcdatamodeld in Sources */ = {isa = PBXBuildFile; fileRef = 8C4C2F492B0B38DE00389B70 /* FLOTEST.xcdatamodeld */; };
		8C4C2F4D2B0B38E000389B70 /* Assets.xcassets in Resources */ = {isa = PBXBuildFile; fileRef = 8C4C2F4C2B0B38E000389B70 /* Assets.xcassets */; };
		8C4C2F502B0B38E000389B70 /* LaunchScreen.storyboard in Resources */ = {isa = PBXBuildFile; fileRef = 8C4C2F4E2B0B38E000389B70 /* LaunchScreen.storyboard */; };
		8C4C2F5B2B0B38E100389B70 /* FLOTESTTests.swift in Sources */ = {isa = PBXBuildFile; fileRef = 8C4C2F5A2B0B38E100389B70 /* FLOTESTTests.swift */; };
		8C4C2F652B0B38E100389B70 /* FLOTESTUITests.swift in Sources */ = {isa = PBXBuildFile; fileRef = 8C4C2F642B0B38E100389B70 /* FLOTESTUITests.swift */; };
		8C4C2F672B0B38E100389B70 /* FLOTESTUITestsLaunchTests.swift in Sources */ = {isa = PBXBuildFile; fileRef = 8C4C2F662B0B38E100389B70 /* FLOTESTUITestsLaunchTests.swift */; };
		8C4C2F742B0B394600389B70 /* SplashScreenVC.swift in Sources */ = {isa = PBXBuildFile; fileRef = 8C4C2F732B0B394600389B70 /* SplashScreenVC.swift */; };
		8C4C2F7B2B0B460100389B70 /* MusicAPI.swift in Sources */ = {isa = PBXBuildFile; fileRef = 8C4C2F7A2B0B460100389B70 /* MusicAPI.swift */; };
		8C4C2F7F2B0B482000389B70 /* Repository.swift in Sources */ = {isa = PBXBuildFile; fileRef = 8C4C2F7E2B0B482000389B70 /* Repository.swift */; };
		8C4C2F812B0B4C6D00389B70 /* Service.swift in Sources */ = {isa = PBXBuildFile; fileRef = 8C4C2F802B0B4C6D00389B70 /* Service.swift */; };
		8C4C2F832B0B4D0C00389B70 /* Model.swift in Sources */ = {isa = PBXBuildFile; fileRef = 8C4C2F822B0B4D0C00389B70 /* Model.swift */; };
/* End PBXBuildFile section */

/* Begin PBXContainerItemProxy section */
		8C4C2F572B0B38E100389B70 /* PBXContainerItemProxy */ = {
			isa = PBXContainerItemProxy;
			containerPortal = 8C4C2F352B0B38DE00389B70 /* Project object */;
			proxyType = 1;
			remoteGlobalIDString = 8C4C2F3C2B0B38DE00389B70;
			remoteInfo = FLOTEST;
		};
		8C4C2F612B0B38E100389B70 /* PBXContainerItemProxy */ = {
			isa = PBXContainerItemProxy;
			containerPortal = 8C4C2F352B0B38DE00389B70 /* Project object */;
			proxyType = 1;
			remoteGlobalIDString = 8C4C2F3C2B0B38DE00389B70;
			remoteInfo = FLOTEST;
		};
/* End PBXContainerItemProxy section */

/* Begin PBXFileReference section */
		8C42FEE62B146DF9001D1ABC /* SongTextViewController.swift */ = {isa = PBXFileReference; lastKnownFileType = sourcecode.swift; path = SongTextViewController.swift; sourceTree = "<group>"; };
		8C4C2F3D2B0B38DE00389B70 /* FLOTEST.app */ = {isa = PBXFileReference; explicitFileType = wrapper.application; includeInIndex = 0; path = FLOTEST.app; sourceTree = BUILT_PRODUCTS_DIR; };
		8C4C2F402B0B38DE00389B70 /* AppDelegate.swift */ = {isa = PBXFileReference; lastKnownFileType = sourcecode.swift; path = AppDelegate.swift; sourceTree = "<group>"; };
		8C4C2F422B0B38DE00389B70 /* SceneDelegate.swift */ = {isa = PBXFileReference; lastKnownFileType = sourcecode.swift; path = SceneDelegate.swift; sourceTree = "<group>"; };
		8C4C2F442B0B38DE00389B70 /* PlayViewController.swift */ = {isa = PBXFileReference; lastKnownFileType = sourcecode.swift; path = PlayViewController.swift; sourceTree = "<group>"; };
		8C4C2F472B0B38DE00389B70 /* Base */ = {isa = PBXFileReference; lastKnownFileType = file.storyboard; name = Base; path = Base.lproj/Main.storyboard; sourceTree = "<group>"; };
		8C4C2F4A2B0B38DE00389B70 /* FLOTEST.xcdatamodel */ = {isa = PBXFileReference; lastKnownFileType = wrapper.xcdatamodel; path = FLOTEST.xcdatamodel; sourceTree = "<group>"; };
		8C4C2F4C2B0B38E000389B70 /* Assets.xcassets */ = {isa = PBXFileReference; lastKnownFileType = folder.assetcatalog; path = Assets.xcassets; sourceTree = "<group>"; };
		8C4C2F4F2B0B38E000389B70 /* Base */ = {isa = PBXFileReference; lastKnownFileType = file.storyboard; name = Base; path = Base.lproj/LaunchScreen.storyboard; sourceTree = "<group>"; };
		8C4C2F512B0B38E000389B70 /* Info.plist */ = {isa = PBXFileReference; lastKnownFileType = text.plist.xml; path = Info.plist; sourceTree = "<group>"; };
		8C4C2F562B0B38E100389B70 /* FLOTESTTests.xctest */ = {isa = PBXFileReference; explicitFileType = wrapper.cfbundle; includeInIndex = 0; path = FLOTESTTests.xctest; sourceTree = BUILT_PRODUCTS_DIR; };
		8C4C2F5A2B0B38E100389B70 /* FLOTESTTests.swift */ = {isa = PBXFileReference; lastKnownFileType = sourcecode.swift; path = FLOTESTTests.swift; sourceTree = "<group>"; };
		8C4C2F602B0B38E100389B70 /* FLOTESTUITests.xctest */ = {isa = PBXFileReference; explicitFileType = wrapper.cfbundle; includeInIndex = 0; path = FLOTESTUITests.xctest; sourceTree = BUILT_PRODUCTS_DIR; };
		8C4C2F642B0B38E100389B70 /* FLOTESTUITests.swift */ = {isa = PBXFileReference; lastKnownFileType = sourcecode.swift; path = FLOTESTUITests.swift; sourceTree = "<group>"; };
		8C4C2F662B0B38E100389B70 /* FLOTESTUITestsLaunchTests.swift */ = {isa = PBXFileReference; lastKnownFileType = sourcecode.swift; path = FLOTESTUITestsLaunchTests.swift; sourceTree = "<group>"; };
		8C4C2F732B0B394600389B70 /* SplashScreenVC.swift */ = {isa = PBXFileReference; lastKnownFileType = sourcecode.swift; path = SplashScreenVC.swift; sourceTree = "<group>"; };
		8C4C2F782B0B452D00389B70 /* FLO_Splash-Img3x(1242x2688).png */ = {isa = PBXFileReference; lastKnownFileType = image.png; path = "FLO_Splash-Img3x(1242x2688).png"; sourceTree = "<group>"; };
		8C4C2F7A2B0B460100389B70 /* MusicAPI.swift */ = {isa = PBXFileReference; lastKnownFileType = sourcecode.swift; path = MusicAPI.swift; sourceTree = "<group>"; };
		8C4C2F7E2B0B482000389B70 /* Repository.swift */ = {isa = PBXFileReference; lastKnownFileType = sourcecode.swift; path = Repository.swift; sourceTree = "<group>"; };
		8C4C2F802B0B4C6D00389B70 /* Service.swift */ = {isa = PBXFileReference; lastKnownFileType = sourcecode.swift; path = Service.swift; sourceTree = "<group>"; };
		8C4C2F822B0B4D0C00389B70 /* Model.swift */ = {isa = PBXFileReference; lastKnownFileType = sourcecode.swift; path = Model.swift; sourceTree = "<group>"; };
/* End PBXFileReference section */

/* Begin PBXFrameworksBuildPhase section */
		8C4C2F3A2B0B38DE00389B70 /* Frameworks */ = {
			isa = PBXFrameworksBuildPhase;
			buildActionMask = 2147483647;
			files = (
			);
			runOnlyForDeploymentPostprocessing = 0;
		};
		8C4C2F532B0B38E100389B70 /* Frameworks */ = {
			isa = PBXFrameworksBuildPhase;
			buildActionMask = 2147483647;
			files = (
			);
			runOnlyForDeploymentPostprocessing = 0;
		};
		8C4C2F5D2B0B38E100389B70 /* Frameworks */ = {
			isa = PBXFrameworksBuildPhase;
			buildActionMask = 2147483647;
			files = (
			);
			runOnlyForDeploymentPostprocessing = 0;
		};
/* End PBXFrameworksBuildPhase section */

/* Begin PBXGroup section */
		8C4C2F342B0B38DE00389B70 = {
			isa = PBXGroup;
			children = (
				8C4C2F3F2B0B38DE00389B70 /* FLOTEST */,
				8C4C2F592B0B38E100389B70 /* FLOTESTTests */,
				8C4C2F632B0B38E100389B70 /* FLOTESTUITests */,
				8C4C2F3E2B0B38DE00389B70 /* Products */,
			);
			sourceTree = "<group>";
		};
		8C4C2F3E2B0B38DE00389B70 /* Products */ = {
			isa = PBXGroup;
			children = (
				8C4C2F3D2B0B38DE00389B70 /* FLOTEST.app */,
				8C4C2F562B0B38E100389B70 /* FLOTESTTests.xctest */,
				8C4C2F602B0B38E100389B70 /* FLOTESTUITests.xctest */,
			);
			name = Products;
			sourceTree = "<group>";
		};
		8C4C2F3F2B0B38DE00389B70 /* FLOTEST */ = {
			isa = PBXGroup;
			children = (
				8C4C2F772B0B452200389B70 /* Source */,
				8C4C2F402B0B38DE00389B70 /* AppDelegate.swift */,
				8C4C2F422B0B38DE00389B70 /* SceneDelegate.swift */,
				8C4C2F442B0B38DE00389B70 /* PlayViewController.swift */,
				8C4C2F462B0B38DE00389B70 /* Main.storyboard */,
				8C4C2F4C2B0B38E000389B70 /* Assets.xcassets */,
				8C4C2F4E2B0B38E000389B70 /* LaunchScreen.storyboard */,
				8C4C2F512B0B38E000389B70 /* Info.plist */,
				8C4C2F492B0B38DE00389B70 /* FLOTEST.xcdatamodeld */,
				8C4C2F732B0B394600389B70 /* SplashScreenVC.swift */,
			);
			path = FLOTEST;
			sourceTree = "<group>";
		};
		8C4C2F592B0B38E100389B70 /* FLOTESTTests */ = {
			isa = PBXGroup;
			children = (
				8C4C2F5A2B0B38E100389B70 /* FLOTESTTests.swift */,
			);
			path = FLOTESTTests;
			sourceTree = "<group>";
		};
		8C4C2F632B0B38E100389B70 /* FLOTESTUITests */ = {
			isa = PBXGroup;
			children = (
				8C4C2F642B0B38E100389B70 /* FLOTESTUITests.swift */,
				8C4C2F662B0B38E100389B70 /* FLOTESTUITestsLaunchTests.swift */,
			);
			path = FLOTESTUITests;
			sourceTree = "<group>";
		};
		8C4C2F772B0B452200389B70 /* Source */ = {
			isa = PBXGroup;
			children = (
				8C4C2F7C2B0B46DE00389B70 /* UI Layers */,
				8C4C2F792B0B45DB00389B70 /* API */,
				8C4C2F782B0B452D00389B70 /* FLO_Splash-Img3x(1242x2688).png */,
			);
			path = Source;
			sourceTree = "<group>";
		};
		8C4C2F792B0B45DB00389B70 /* API */ = {
			isa = PBXGroup;
			children = (
				8C4C2F7A2B0B460100389B70 /* MusicAPI.swift */,
			);
			path = API;
			sourceTree = "<group>";
		};
		8C4C2F7C2B0B46DE00389B70 /* UI Layers */ = {
			isa = PBXGroup;
			children = (
				8C4C2F7D2B0B471B00389B70 /* MusicPlay */,
			);
			path = "UI Layers";
			sourceTree = "<group>";
		};
		8C4C2F7D2B0B471B00389B70 /* MusicPlay */ = {
			isa = PBXGroup;
			children = (
				8C4C2F7E2B0B482000389B70 /* Repository.swift */,
				8C4C2F802B0B4C6D00389B70 /* Service.swift */,
				8C4C2F822B0B4D0C00389B70 /* Model.swift */,
				8C42FEE62B146DF9001D1ABC /* SongTextViewController.swift */,
			);
			path = MusicPlay;
			sourceTree = "<group>";
		};
/* End PBXGroup section */

/* Begin PBXNativeTarget section */
		8C4C2F3C2B0B38DE00389B70 /* FLOTEST */ = {
			isa = PBXNativeTarget;
			buildConfigurationList = 8C4C2F6A2B0B38E100389B70 /* Build configuration list for PBXNativeTarget "FLOTEST" */;
			buildPhases = (
				8C4C2F392B0B38DE00389B70 /* Sources */,
				8C4C2F3A2B0B38DE00389B70 /* Frameworks */,
				8C4C2F3B2B0B38DE00389B70 /* Resources */,
			);
			buildRules = (
			);
			dependencies = (
			);
			name = FLOTEST;
			productName = FLOTEST;
			productReference = 8C4C2F3D2B0B38DE00389B70 /* FLOTEST.app */;
			productType = "com.apple.product-type.application";
		};
		8C4C2F552B0B38E100389B70 /* FLOTESTTests */ = {
			isa = PBXNativeTarget;
			buildConfigurationList = 8C4C2F6D2B0B38E100389B70 /* Build configuration list for PBXNativeTarget "FLOTESTTests" */;
			buildPhases = (
				8C4C2F522B0B38E100389B70 /* Sources */,
				8C4C2F532B0B38E100389B70 /* Frameworks */,
				8C4C2F542B0B38E100389B70 /* Resources */,
			);
			buildRules = (
			);
			dependencies = (
				8C4C2F582B0B38E100389B70 /* PBXTargetDependency */,
			);
			name = FLOTESTTests;
			productName = FLOTESTTests;
			productReference = 8C4C2F562B0B38E100389B70 /* FLOTESTTests.xctest */;
			productType = "com.apple.product-type.bundle.unit-test";
		};
		8C4C2F5F2B0B38E100389B70 /* FLOTESTUITests */ = {
			isa = PBXNativeTarget;
			buildConfigurationList = 8C4C2F702B0B38E100389B70 /* Build configuration list for PBXNativeTarget "FLOTESTUITests" */;
			buildPhases = (
				8C4C2F5C2B0B38E100389B70 /* Sources */,
				8C4C2F5D2B0B38E100389B70 /* Frameworks */,
				8C4C2F5E2B0B38E100389B70 /* Resources */,
			);
			buildRules = (
			);
			dependencies = (
				8C4C2F622B0B38E100389B70 /* PBXTargetDependency */,
			);
			name = FLOTESTUITests;
			productName = FLOTESTUITests;
			productReference = 8C4C2F602B0B38E100389B70 /* FLOTESTUITests.xctest */;
			productType = "com.apple.product-type.bundle.ui-testing";
		};
/* End PBXNativeTarget section */

/* Begin PBXProject section */
		8C4C2F352B0B38DE00389B70 /* Project object */ = {
			isa = PBXProject;
			attributes = {
				BuildIndependentTargetsInParallel = 1;
				LastSwiftUpdateCheck = 1500;
				LastUpgradeCheck = 1500;
				TargetAttributes = {
					8C4C2F3C2B0B38DE00389B70 = {
						CreatedOnToolsVersion = 15.0.1;
					};
					8C4C2F552B0B38E100389B70 = {
						CreatedOnToolsVersion = 15.0.1;
						TestTargetID = 8C4C2F3C2B0B38DE00389B70;
					};
					8C4C2F5F2B0B38E100389B70 = {
						CreatedOnToolsVersion = 15.0.1;
						TestTargetID = 8C4C2F3C2B0B38DE00389B70;
					};
				};
			};
			buildConfigurationList = 8C4C2F382B0B38DE00389B70 /* Build configuration list for PBXProject "FLOTEST" */;
			compatibilityVersion = "Xcode 14.0";
			developmentRegion = en;
			hasScannedForEncodings = 0;
			knownRegions = (
				en,
				Base,
			);
			mainGroup = 8C4C2F342B0B38DE00389B70;
			productRefGroup = 8C4C2F3E2B0B38DE00389B70 /* Products */;
			projectDirPath = "";
			projectRoot = "";
			targets = (
				8C4C2F3C2B0B38DE00389B70 /* FLOTEST */,
				8C4C2F552B0B38E100389B70 /* FLOTESTTests */,
				8C4C2F5F2B0B38E100389B70 /* FLOTESTUITests */,
			);
		};
/* End PBXProject section */

/* Begin PBXResourcesBuildPhase section */
		8C4C2F3B2B0B38DE00389B70 /* Resources */ = {
			isa = PBXResourcesBuildPhase;
			buildActionMask = 2147483647;
			files = (
				8C4C2F502B0B38E000389B70 /* LaunchScreen.storyboard in Resources */,
				8C4C2F4D2B0B38E000389B70 /* Assets.xcassets in Resources */,
				8C4C2F482B0B38DE00389B70 /* Main.storyboard in Resources */,
			);
			runOnlyForDeploymentPostprocessing = 0;
		};
		8C4C2F542B0B38E100389B70 /* Resources */ = {
			isa = PBXResourcesBuildPhase;
			buildActionMask = 2147483647;
			files = (
			);
			runOnlyForDeploymentPostprocessing = 0;
		};
		8C4C2F5E2B0B38E100389B70 /* Resources */ = {
			isa = PBXResourcesBuildPhase;
			buildActionMask = 2147483647;
			files = (
			);
			runOnlyForDeploymentPostprocessing = 0;
		};
/* End PBXResourcesBuildPhase section */

/* Begin PBXSourcesBuildPhase section */
		8C4C2F392B0B38DE00389B70 /* Sources */ = {
			isa = PBXSourcesBuildPhase;
			buildActionMask = 2147483647;
			files = (
				8C42FEE72B146DF9001D1ABC /* SongTextViewController.swift in Sources */,
				8C4C2F832B0B4D0C00389B70 /* Model.swift in Sources */,
				8C4C2F7F2B0B482000389B70 /* Repository.swift in Sources */,
				8C4C2F812B0B4C6D00389B70 /* Service.swift in Sources */,
				8C4C2F7B2B0B460100389B70 /* MusicAPI.swift in Sources */,
				8C4C2F452B0B38DE00389B70 /* PlayViewController.swift in Sources */,
				8C4C2F4B2B0B38DE00389B70 /* FLOTEST.xcdatamodeld in Sources */,
				8C4C2F412B0B38DE00389B70 /* AppDelegate.swift in Sources */,
				8C4C2F742B0B394600389B70 /* SplashScreenVC.swift in Sources */,
				8C4C2F432B0B38DE00389B70 /* SceneDelegate.swift in Sources */,
			);
			runOnlyForDeploymentPostprocessing = 0;
		};
		8C4C2F522B0B38E100389B70 /* Sources */ = {
			isa = PBXSourcesBuildPhase;
			buildActionMask = 2147483647;
			files = (
				8C4C2F5B2B0B38E100389B70 /* FLOTESTTests.swift in Sources */,
			);
			runOnlyForDeploymentPostprocessing = 0;
		};
		8C4C2F5C2B0B38E100389B70 /* Sources */ = {
			isa = PBXSourcesBuildPhase;
			buildActionMask = 2147483647;
			files = (
				8C4C2F672B0B38E100389B70 /* FLOTESTUITestsLaunchTests.swift in Sources */,
				8C4C2F652B0B38E100389B70 /* FLOTESTUITests.swift in Sources */,
			);
			runOnlyForDeploymentPostprocessing = 0;
		};
/* End PBXSourcesBuildPhase section */

/* Begin PBXTargetDependency section */
		8C4C2F582B0B38E100389B70 /* PBXTargetDependency */ = {
			isa = PBXTargetDependency;
			target = 8C4C2F3C2B0B38DE00389B70 /* FLOTEST */;
			targetProxy = 8C4C2F572B0B38E100389B70 /* PBXContainerItemProxy */;
		};
		8C4C2F622B0B38E100389B70 /* PBXTargetDependency */ = {
			isa = PBXTargetDependency;
			target = 8C4C2F3C2B0B38DE00389B70 /* FLOTEST */;
			targetProxy = 8C4C2F612B0B38E100389B70 /* PBXContainerItemProxy */;
		};
/* End PBXTargetDependency section */

/* Begin PBXVariantGroup section */
		8C4C2F462B0B38DE00389B70 /* Main.storyboard */ = {
			isa = PBXVariantGroup;
			children = (
				8C4C2F472B0B38DE00389B70 /* Base */,
			);
			name = Main.storyboard;
			sourceTree = "<group>";
		};
		8C4C2F4E2B0B38E000389B70 /* LaunchScreen.storyboard */ = {
			isa = PBXVariantGroup;
			children = (
				8C4C2F4F2B0B38E000389B70 /* Base */,
			);
			name = LaunchScreen.storyboard;
			sourceTree = "<group>";
		};
/* End PBXVariantGroup section */

/* Begin XCBuildConfiguration section */
		8C4C2F682B0B38E100389B70 /* Debug */ = {
			isa = XCBuildConfiguration;
			buildSettings = {
				ALWAYS_SEARCH_USER_PATHS = NO;
				ASSETCATALOG_COMPILER_GENERATE_SWIFT_ASSET_SYMBOL_EXTENSIONS = YES;
				CLANG_ANALYZER_NONNULL = YES;
				CLANG_ANALYZER_NUMBER_OBJECT_CONVERSION = YES_AGGRESSIVE;
				CLANG_CXX_LANGUAGE_STANDARD = "gnu++20";
				CLANG_ENABLE_MODULES = YES;
				CLANG_ENABLE_OBJC_ARC = YES;
				CLANG_ENABLE_OBJC_WEAK = YES;
				CLANG_WARN_BLOCK_CAPTURE_AUTORELEASING = YES;
				CLANG_WARN_BOOL_CONVERSION = YES;
				CLANG_WARN_COMMA = YES;
				CLANG_WARN_CONSTANT_CONVERSION = YES;
				CLANG_WARN_DEPRECATED_OBJC_IMPLEMENTATIONS = YES;
				CLANG_WARN_DIRECT_OBJC_ISA_USAGE = YES_ERROR;
				CLANG_WARN_DOCUMENTATION_COMMENTS = YES;
				CLANG_WARN_EMPTY_BODY = YES;
				CLANG_WARN_ENUM_CONVERSION = YES;
				CLANG_WARN_INFINITE_RECURSION = YES;
				CLANG_WARN_INT_CONVERSION = YES;
				CLANG_WARN_NON_LITERAL_NULL_CONVERSION = YES;
				CLANG_WARN_OBJC_IMPLICIT_RETAIN_SELF = YES;
				CLANG_WARN_OBJC_LITERAL_CONVERSION = YES;
				CLANG_WARN_OBJC_ROOT_CLASS = YES_ERROR;
				CLANG_WARN_QUOTED_INCLUDE_IN_FRAMEWORK_HEADER = YES;
				CLANG_WARN_RANGE_LOOP_ANALYSIS = YES;
				CLANG_WARN_STRICT_PROTOTYPES = YES;
				CLANG_WARN_SUSPICIOUS_MOVE = YES;
				CLANG_WARN_UNGUARDED_AVAILABILITY = YES_AGGRESSIVE;
				CLANG_WARN_UNREACHABLE_CODE = YES;
				CLANG_WARN__DUPLICATE_METHOD_MATCH = YES;
				COPY_PHASE_STRIP = NO;
				DEBUG_INFORMATION_FORMAT = dwarf;
				ENABLE_STRICT_OBJC_MSGSEND = YES;
				ENABLE_TESTABILITY = YES;
				ENABLE_USER_SCRIPT_SANDBOXING = YES;
				GCC_C_LANGUAGE_STANDARD = gnu17;
				GCC_DYNAMIC_NO_PIC = NO;
				GCC_NO_COMMON_BLOCKS = YES;
				GCC_OPTIMIZATION_LEVEL = 0;
				GCC_PREPROCESSOR_DEFINITIONS = (
					"DEBUG=1",
					"$(inherited)",
				);
				GCC_WARN_64_TO_32_BIT_CONVERSION = YES;
				GCC_WARN_ABOUT_RETURN_TYPE = YES_ERROR;
				GCC_WARN_UNDECLARED_SELECTOR = YES;
				GCC_WARN_UNINITIALIZED_AUTOS = YES_AGGRESSIVE;
				GCC_WARN_UNUSED_FUNCTION = YES;
				GCC_WARN_UNUSED_VARIABLE = YES;
				IPHONEOS_DEPLOYMENT_TARGET = 17.0;
				LOCALIZATION_PREFERS_STRING_CATALOGS = YES;
				MTL_ENABLE_DEBUG_INFO = INCLUDE_SOURCE;
				MTL_FAST_MATH = YES;
				ONLY_ACTIVE_ARCH = YES;
				SDKROOT = iphoneos;
				SWIFT_ACTIVE_COMPILATION_CONDITIONS = "DEBUG $(inherited)";
				SWIFT_OPTIMIZATION_LEVEL = "-Onone";
			};
			name = Debug;
		};
		8C4C2F692B0B38E100389B70 /* Release */ = {
			isa = XCBuildConfiguration;
			buildSettings = {
				ALWAYS_SEARCH_USER_PATHS = NO;
				ASSETCATALOG_COMPILER_GENERATE_SWIFT_ASSET_SYMBOL_EXTENSIONS = YES;
				CLANG_ANALYZER_NONNULL = YES;
				CLANG_ANALYZER_NUMBER_OBJECT_CONVERSION = YES_AGGRESSIVE;
				CLANG_CXX_LANGUAGE_STANDARD = "gnu++20";
				CLANG_ENABLE_MODULES = YES;
				CLANG_ENABLE_OBJC_ARC = YES;
				CLANG_ENABLE_OBJC_WEAK = YES;
				CLANG_WARN_BLOCK_CAPTURE_AUTORELEASING = YES;
				CLANG_WARN_BOOL_CONVERSION = YES;
				CLANG_WARN_COMMA = YES;
				CLANG_WARN_CONSTANT_CONVERSION = YES;
				CLANG_WARN_DEPRECATED_OBJC_IMPLEMENTATIONS = YES;
				CLANG_WARN_DIRECT_OBJC_ISA_USAGE = YES_ERROR;
				CLANG_WARN_DOCUMENTATION_COMMENTS = YES;
				CLANG_WARN_EMPTY_BODY = YES;
				CLANG_WARN_ENUM_CONVERSION = YES;
				CLANG_WARN_INFINITE_RECURSION = YES;
				CLANG_WARN_INT_CONVERSION = YES;
				CLANG_WARN_NON_LITERAL_NULL_CONVERSION = YES;
				CLANG_WARN_OBJC_IMPLICIT_RETAIN_SELF = YES;
				CLANG_WARN_OBJC_LITERAL_CONVERSION = YES;
				CLANG_WARN_OBJC_ROOT_CLASS = YES_ERROR;
				CLANG_WARN_QUOTED_INCLUDE_IN_FRAMEWORK_HEADER = YES;
				CLANG_WARN_RANGE_LOOP_ANALYSIS = YES;
				CLANG_WARN_STRICT_PROTOTYPES = YES;
				CLANG_WARN_SUSPICIOUS_MOVE = YES;
				CLANG_WARN_UNGUARDED_AVAILABILITY = YES_AGGRESSIVE;
				CLANG_WARN_UNREACHABLE_CODE = YES;
				CLANG_WARN__DUPLICATE_METHOD_MATCH = YES;
				COPY_PHASE_STRIP = NO;
				DEBUG_INFORMATION_FORMAT = "dwarf-with-dsym";
				ENABLE_NS_ASSERTIONS = NO;
				ENABLE_STRICT_OBJC_MSGSEND = YES;
				ENABLE_USER_SCRIPT_SANDBOXING = YES;
				GCC_C_LANGUAGE_STANDARD = gnu17;
				GCC_NO_COMMON_BLOCKS = YES;
				GCC_WARN_64_TO_32_BIT_CONVERSION = YES;
				GCC_WARN_ABOUT_RETURN_TYPE = YES_ERROR;
				GCC_WARN_UNDECLARED_SELECTOR = YES;
				GCC_WARN_UNINITIALIZED_AUTOS = YES_AGGRESSIVE;
				GCC_WARN_UNUSED_FUNCTION = YES;
				GCC_WARN_UNUSED_VARIABLE = YES;
				IPHONEOS_DEPLOYMENT_TARGET = 17.0;
				LOCALIZATION_PREFERS_STRING_CATALOGS = YES;
				MTL_ENABLE_DEBUG_INFO = NO;
				MTL_FAST_MATH = YES;
				SDKROOT = iphoneos;
				SWIFT_COMPILATION_MODE = wholemodule;
				VALIDATE_PRODUCT = YES;
			};
			name = Release;
		};
		8C4C2F6B2B0B38E100389B70 /* Debug */ = {
			isa = XCBuildConfiguration;
			buildSettings = {
				ASSETCATALOG_COMPILER_APPICON_NAME = AppIcon;
				ASSETCATALOG_COMPILER_GLOBAL_ACCENT_COLOR_NAME = AccentColor;
				CODE_SIGN_STYLE = Automatic;
				CURRENT_PROJECT_VERSION = 1;
				DEVELOPMENT_TEAM = F2PAPBBTST;
				GENERATE_INFOPLIST_FILE = YES;
				INFOPLIST_FILE = FLOTEST/Info.plist;
				INFOPLIST_KEY_UIApplicationSupportsIndirectInputEvents = YES;
				INFOPLIST_KEY_UILaunchStoryboardName = LaunchScreen;
				INFOPLIST_KEY_UIMainStoryboardFile = Main;
				INFOPLIST_KEY_UISupportedInterfaceOrientations_iPad = "UIInterfaceOrientationPortrait UIInterfaceOrientationPortraitUpsideDown UIInterfaceOrientationLandscapeLeft UIInterfaceOrientationLandscapeRight";
				INFOPLIST_KEY_UISupportedInterfaceOrientations_iPhone = "UIInterfaceOrientationPortrait UIInterfaceOrientationLandscapeLeft UIInterfaceOrientationLandscapeRight";
				LD_RUNPATH_SEARCH_PATHS = (
					"$(inherited)",
					"@executable_path/Frameworks",
				);
				MARKETING_VERSION = 1.0;
				PRODUCT_BUNDLE_IDENTIFIER = DevKDucK.FLOTEST;
				PRODUCT_NAME = "$(TARGET_NAME)";
				SWIFT_EMIT_LOC_STRINGS = YES;
				SWIFT_VERSION = 5.0;
				TARGETED_DEVICE_FAMILY = "1,2";
			};
			name = Debug;
		};
		8C4C2F6C2B0B38E100389B70 /* Release */ = {
			isa = XCBuildConfiguration;
			buildSettings = {
				ASSETCATALOG_COMPILER_APPICON_NAME = AppIcon;
				ASSETCATALOG_COMPILER_GLOBAL_ACCENT_COLOR_NAME = AccentColor;
				CODE_SIGN_STYLE = Automatic;
				CURRENT_PROJECT_VERSION = 1;
				DEVELOPMENT_TEAM = F2PAPBBTST;
				GENERATE_INFOPLIST_FILE = YES;
				INFOPLIST_FILE = FLOTEST/Info.plist;
				INFOPLIST_KEY_UIApplicationSupportsIndirectInputEvents = YES;
				INFOPLIST_KEY_UILaunchStoryboardName = LaunchScreen;
				INFOPLIST_KEY_UIMainStoryboardFile = Main;
				INFOPLIST_KEY_UISupportedInterfaceOrientations_iPad = "UIInterfaceOrientationPortrait UIInterfaceOrientationPortraitUpsideDown UIInterfaceOrientationLandscapeLeft UIInterfaceOrientationLandscapeRight";
				INFOPLIST_KEY_UISupportedInterfaceOrientations_iPhone = "UIInterfaceOrientationPortrait UIInterfaceOrientationLandscapeLeft UIInterfaceOrientationLandscapeRight";
				LD_RUNPATH_SEARCH_PATHS = (
					"$(inherited)",
					"@executable_path/Frameworks",
				);
				MARKETING_VERSION = 1.0;
				PRODUCT_BUNDLE_IDENTIFIER = DevKDucK.FLOTEST;
				PRODUCT_NAME = "$(TARGET_NAME)";
				SWIFT_EMIT_LOC_STRINGS = YES;
				SWIFT_VERSION = 5.0;
				TARGETED_DEVICE_FAMILY = "1,2";
			};
			name = Release;
		};
		8C4C2F6E2B0B38E100389B70 /* Debug */ = {
			isa = XCBuildConfiguration;
			buildSettings = {
				ALWAYS_EMBED_SWIFT_STANDARD_LIBRARIES = YES;
				BUNDLE_LOADER = "$(TEST_HOST)";
				CODE_SIGN_STYLE = Automatic;
				CURRENT_PROJECT_VERSION = 1;
				DEVELOPMENT_TEAM = F2PAPBBTST;
				GENERATE_INFOPLIST_FILE = YES;
				IPHONEOS_DEPLOYMENT_TARGET = 17.0;
				MARKETING_VERSION = 1.0;
				PRODUCT_BUNDLE_IDENTIFIER = DevKDucK.FLOTESTTests;
				PRODUCT_NAME = "$(TARGET_NAME)";
				SWIFT_EMIT_LOC_STRINGS = NO;
				SWIFT_VERSION = 5.0;
				TARGETED_DEVICE_FAMILY = "1,2";
				TEST_HOST = "$(BUILT_PRODUCTS_DIR)/FLOTEST.app/$(BUNDLE_EXECUTABLE_FOLDER_PATH)/FLOTEST";
			};
			name = Debug;
		};
		8C4C2F6F2B0B38E100389B70 /* Release */ = {
			isa = XCBuildConfiguration;
			buildSettings = {
				ALWAYS_EMBED_SWIFT_STANDARD_LIBRARIES = YES;
				BUNDLE_LOADER = "$(TEST_HOST)";
				CODE_SIGN_STYLE = Automatic;
				CURRENT_PROJECT_VERSION = 1;
				DEVELOPMENT_TEAM = F2PAPBBTST;
				GENERATE_INFOPLIST_FILE = YES;
				IPHONEOS_DEPLOYMENT_TARGET = 17.0;
				MARKETING_VERSION = 1.0;
				PRODUCT_BUNDLE_IDENTIFIER = DevKDucK.FLOTESTTests;
				PRODUCT_NAME = "$(TARGET_NAME)";
				SWIFT_EMIT_LOC_STRINGS = NO;
				SWIFT_VERSION = 5.0;
				TARGETED_DEVICE_FAMILY = "1,2";
				TEST_HOST = "$(BUILT_PRODUCTS_DIR)/FLOTEST.app/$(BUNDLE_EXECUTABLE_FOLDER_PATH)/FLOTEST";
			};
			name = Release;
		};
		8C4C2F712B0B38E100389B70 /* Debug */ = {
			isa = XCBuildConfiguration;
			buildSettings = {
				ALWAYS_EMBED_SWIFT_STANDARD_LIBRARIES = YES;
				CODE_SIGN_STYLE = Automatic;
				CURRENT_PROJECT_VERSION = 1;
				DEVELOPMENT_TEAM = F2PAPBBTST;
				GENERATE_INFOPLIST_FILE = YES;
				MARKETING_VERSION = 1.0;
				PRODUCT_BUNDLE_IDENTIFIER = DevKDucK.FLOTESTUITests;
				PRODUCT_NAME = "$(TARGET_NAME)";
				SWIFT_EMIT_LOC_STRINGS = NO;
				SWIFT_VERSION = 5.0;
				TARGETED_DEVICE_FAMILY = "1,2";
				TEST_TARGET_NAME = FLOTEST;
			};
			name = Debug;
		};
		8C4C2F722B0B38E100389B70 /* Release */ = {
			isa = XCBuildConfiguration;
			buildSettings = {
				ALWAYS_EMBED_SWIFT_STANDARD_LIBRARIES = YES;
				CODE_SIGN_STYLE = Automatic;
				CURRENT_PROJECT_VERSION = 1;
				DEVELOPMENT_TEAM = F2PAPBBTST;
				GENERATE_INFOPLIST_FILE = YES;
				MARKETING_VERSION = 1.0;
				PRODUCT_BUNDLE_IDENTIFIER = DevKDucK.FLOTESTUITests;
				PRODUCT_NAME = "$(TARGET_NAME)";
				SWIFT_EMIT_LOC_STRINGS = NO;
				SWIFT_VERSION = 5.0;
				TARGETED_DEVICE_FAMILY = "1,2";
				TEST_TARGET_NAME = FLOTEST;
			};
			name = Release;
		};
/* End XCBuildConfiguration section */

/* Begin XCConfigurationList section */
		8C4C2F382B0B38DE00389B70 /* Build configuration list for PBXProject "FLOTEST" */ = {
			isa = XCConfigurationList;
			buildConfigurations = (
				8C4C2F682B0B38E100389B70 /* Debug */,
				8C4C2F692B0B38E100389B70 /* Release */,
			);
			defaultConfigurationIsVisible = 0;
			defaultConfigurationName = Release;
		};
		8C4C2F6A2B0B38E100389B70 /* Build configuration list for PBXNativeTarget "FLOTEST" */ = {
			isa = XCConfigurationList;
			buildConfigurations = (
				8C4C2F6B2B0B38E100389B70 /* Debug */,
				8C4C2F6C2B0B38E100389B70 /* Release */,
			);
			defaultConfigurationIsVisible = 0;
			defaultConfigurationName = Release;
		};
		8C4C2F6D2B0B38E100389B70 /* Build configuration list for PBXNativeTarget "FLOTESTTests" */ = {
			isa = XCConfigurationList;
			buildConfigurations = (
				8C4C2F6E2B0B38E100389B70 /* Debug */,
				8C4C2F6F2B0B38E100389B70 /* Release */,
			);
			defaultConfigurationIsVisible = 0;
			defaultConfigurationName = Release;
		};
		8C4C2F702B0B38E100389B70 /* Build configuration list for PBXNativeTarget "FLOTESTUITests" */ = {
			isa = XCConfigurationList;
			buildConfigurations = (
				8C4C2F712B0B38E100389B70 /* Debug */,
				8C4C2F722B0B38E100389B70 /* Release */,
			);
			defaultConfigurationIsVisible = 0;
			defaultConfigurationName = Release;
		};
/* End XCConfigurationList section */

/* Begin XCVersionGroup section */
		8C4C2F492B0B38DE00389B70 /* FLOTEST.xcdatamodeld */ = {
			isa = XCVersionGroup;
			children = (
				8C4C2F4A2B0B38DE00389B70 /* FLOTEST.xcdatamodel */,
			);
			currentVersion = 8C4C2F4A2B0B38DE00389B70 /* FLOTEST.xcdatamodel */;
			path = FLOTEST.xcdatamodeld;
			sourceTree = "<group>";
			versionGroupType = wrapper.xcdatamodel;
		};
/* End XCVersionGroup section */
	};
	rootObject = 8C4C2F352B0B38DE00389B70 /* Project object */;
}
